
Microsoft Visual Studio Solution File, Format Version 12.00
# Visual Studio Version 17
VisualStudioVersion = 17.11.35431.28
MinimumVisualStudioVersion = 10.0.40219.1
Project("{FAE04EC0-301F-11D3-BF4B-00C04F79EFBC}") = "WS_Eurekabank_CLICON", "WS_Eurekabank_CLICON\WS_Eurekabank_CLICON.csproj", "{915129BE-7A48-4F3C-BC08-32F127156BE5}"
EndProject
Global
	GlobalSection(SolutionConfigurationPlatforms) = preSolution
		Debug|Any CPU = Debug|Any CPU
		Release|Any CPU = Release|Any CPU
	EndGlobalSection
	GlobalSection(ProjectConfigurationPlatforms) = postSolution
		{915129BE-7A48-4F3C-BC08-32F127156BE5}.Debug|Any CPU.ActiveCfg = Debug|Any CPU
		{915129BE-7A48-4F3C-BC08-32F127156BE5}.Debug|Any CPU.Build.0 = Debug|Any CPU
		{915129BE-7A48-4F3C-BC08-32F127156BE5}.Release|Any CPU.ActiveCfg = Release|Any CPU
		{915129BE-7A48-4F3C-BC08-32F127156BE5}.Release|Any CPU.Build.0 = Release|Any CPU
	EndGlobalSection
	GlobalSection(SolutionProperties) = preSolution
		HideSolutionNode = FALSE
	EndGlobalSection
	GlobalSection(ExtensibilityGlobals) = postSolution
		SolutionGuid = {4D871B81-04EC-4A16-B3D9-91C987819B8B}
	EndGlobalSection
EndGlobal
